// !$*UTF8*$!
{
	archiveVersion = 1;
	classes = {
	};
	objectVersion = 77;
	objects = {

/* Begin PBXBuildFile section */
		3DE848022E418CBE00F9CFB8 /* Localizable.strings in Resources */ = {isa = PBXBuildFile; fileRef = 3DE848012E418CBE00F9CFB8 /* Localizable.strings */; };
		3DE8480A2E457CC200F9CFB8 /* Localizable.stringsdict in Resources */ = {isa = PBXBuildFile; fileRef = 3DE848082E457CC200F9CFB8 /* Localizable.stringsdict */; };
		3DF7AAEB2E4A7807007BE050 /* InlineSnapshotTesting in Frameworks */ = {isa = PBXBuildFile; productRef = 3DF7AAEA2E4A7807007BE050 /* InlineSnapshotTesting */; };
		3DF7AAED2E4A7807007BE050 /* SnapshotTesting in Frameworks */ = {isa = PBXBuildFile; productRef = 3DF7AAEC2E4A7807007BE050 /* SnapshotTesting */; };
		3DF7AAEF2E4A7807007BE050 /* SnapshotTestingCustomDump in Frameworks */ = {isa = PBXBuildFile; productRef = 3DF7AAEE2E4A7807007BE050 /* SnapshotTestingCustomDump */; };
		3DF7AB062E4A9A92007BE050 /* AppMetricaAdSupport in Frameworks */ = {isa = PBXBuildFile; productRef = 3DF7AB052E4A9A92007BE050 /* AppMetricaAdSupport */; };
		3DF7AB082E4A9A92007BE050 /* AppMetricaCore in Frameworks */ = {isa = PBXBuildFile; productRef = 3DF7AB072E4A9A92007BE050 /* AppMetricaCore */; };
		3DF7AB0A2E4A9A92007BE050 /* AppMetricaCrashes in Frameworks */ = {isa = PBXBuildFile; productRef = 3DF7AB092E4A9A92007BE050 /* AppMetricaCrashes */; };
		3DF7AB0C2E4A9A92007BE050 /* AppMetricaLibraryAdapter in Frameworks */ = {isa = PBXBuildFile; productRef = 3DF7AB0B2E4A9A92007BE050 /* AppMetricaLibraryAdapter */; };
		3DF7AB0E2E4A9A92007BE050 /* AppMetricaScreenshot in Frameworks */ = {isa = PBXBuildFile; productRef = 3DF7AB0D2E4A9A92007BE050 /* AppMetricaScreenshot */; };
		3DF7AB102E4A9BA6007BE050 /* Analytics.swift in Sources */ = {isa = PBXBuildFile; fileRef = 3DF7AB0F2E4A9BA6007BE050 /* Analytics.swift */; };
		3DF7AB112E4A9BA6007BE050 /* Analytics.swift in Sources */ = {isa = PBXBuildFile; fileRef = 3DF7AB0F2E4A9BA6007BE050 /* Analytics.swift */; };
/* End PBXBuildFile section */

/* Begin PBXContainerItemProxy section */
		3DF7AAE32E4A7751007BE050 /* PBXContainerItemProxy */ = {
			isa = PBXContainerItemProxy;
			containerPortal = 3D802D752DFD63AF0097D5C6 /* Project object */;
			proxyType = 1;
			remoteGlobalIDString = 3D802D7C2DFD63AF0097D5C6;
			remoteInfo = Tracker;
		};
/* End PBXContainerItemProxy section */

/* Begin PBXFileReference section */
		3D802D7D2DFD63AF0097D5C6 /* Tracker.app */ = {isa = PBXFileReference; explicitFileType = wrapper.application; includeInIndex = 0; path = Tracker.app; sourceTree = BUILT_PRODUCTS_DIR; };
		3DE848002E418CBE00F9CFB8 /* en */ = {isa = PBXFileReference; lastKnownFileType = text.plist.strings; name = en; path = en.lproj/Localizable.strings; sourceTree = "<group>"; };
		3DE848042E418E2B00F9CFB8 /* ru */ = {isa = PBXFileReference; lastKnownFileType = text.plist.strings; name = ru; path = ru.lproj/Localizable.strings; sourceTree = "<group>"; };
		3DE848062E418E3500F9CFB8 /* kk */ = {isa = PBXFileReference; lastKnownFileType = text.plist.strings; name = kk; path = kk.lproj/Localizable.strings; sourceTree = "<group>"; };
		3DE848092E457CC200F9CFB8 /* ru */ = {isa = PBXFileReference; lastKnownFileType = text.plist.stringsdict; name = ru; path = ru.lproj/Localizable.stringsdict; sourceTree = "<group>"; };
		3DE8480B2E457D5200F9CFB8 /* en */ = {isa = PBXFileReference; lastKnownFileType = text.plist.stringsdict; name = en; path = en.lproj/Localizable.stringsdict; sourceTree = "<group>"; };
		3DE8480C2E457D5800F9CFB8 /* kk */ = {isa = PBXFileReference; lastKnownFileType = text.plist.stringsdict; name = kk; path = kk.lproj/Localizable.stringsdict; sourceTree = "<group>"; };
		3DF7AADF2E4A7751007BE050 /* TrackerTests.xctest */ = {isa = PBXFileReference; explicitFileType = wrapper.cfbundle; includeInIndex = 0; path = TrackerTests.xctest; sourceTree = BUILT_PRODUCTS_DIR; };
		3DF7AB0F2E4A9BA6007BE050 /* Analytics.swift */ = {isa = PBXFileReference; lastKnownFileType = sourcecode.swift; path = Analytics.swift; sourceTree = "<group>"; };
/* End PBXFileReference section */

/* Begin PBXFileSystemSynchronizedBuildFileExceptionSet section */
		3DE8466A2E2A0B1800F9CFB8 /* Exceptions for "Tracker" folder in "Tracker" target */ = {
			isa = PBXFileSystemSynchronizedBuildFileExceptionSet;
			membershipExceptions = (
				Info.plist,
			);
			target = 3D802D7C2DFD63AF0097D5C6 /* Tracker */;
		};
		3DF7AB182E4ABE73007BE050 /* Exceptions for "Statistic" folder in "TrackerTests" target */ = {
			isa = PBXFileSystemSynchronizedBuildFileExceptionSet;
			membershipExceptions = (
				GradientView.swift,
			);
			target = 3DF7AADE2E4A7751007BE050 /* TrackerTests */;
		};
/* End PBXFileSystemSynchronizedBuildFileExceptionSet section */

/* Begin PBXFileSystemSynchronizedRootGroup section */
		3D802D7F2DFD63AF0097D5C6 /* Tracker */ = {
			isa = PBXFileSystemSynchronizedRootGroup;
			exceptions = (
				3DE8466A2E2A0B1800F9CFB8 /* Exceptions for "Tracker" folder in "Tracker" target */,
			);
			path = Tracker;
			sourceTree = "<group>";
		};
		3DE846162E2A03A300F9CFB8 /* Statistic */ = {
			isa = PBXFileSystemSynchronizedRootGroup;
			exceptions = (
				3DF7AB182E4ABE73007BE050 /* Exceptions for "Statistic" folder in "TrackerTests" target */,
			);
			path = Statistic;
			sourceTree = "<group>";
		};
		3DE846172E2A041400F9CFB8 /* Models */ = {
			isa = PBXFileSystemSynchronizedRootGroup;
			path = Models;
			sourceTree = "<group>";
		};
		3DE847E82E31C8E900F9CFB8 /* Onboarding */ = {
			isa = PBXFileSystemSynchronizedRootGroup;
			path = Onboarding;
			sourceTree = "<group>";
		};
		3DF7AAE02E4A7751007BE050 /* TrackerTests */ = {
			isa = PBXFileSystemSynchronizedRootGroup;
			path = TrackerTests;
			sourceTree = "<group>";
		};
/* End PBXFileSystemSynchronizedRootGroup section */

/* Begin PBXFrameworksBuildPhase section */
		3D802D7A2DFD63AF0097D5C6 /* Frameworks */ = {
			isa = PBXFrameworksBuildPhase;
			buildActionMask = 2147483647;
			files = (
				3DF7AB0C2E4A9A92007BE050 /* AppMetricaLibraryAdapter in Frameworks */,
				3DF7AB0A2E4A9A92007BE050 /* AppMetricaCrashes in Frameworks */,
				3DF7AB062E4A9A92007BE050 /* AppMetricaAdSupport in Frameworks */,
				3DF7AB0E2E4A9A92007BE050 /* AppMetricaScreenshot in Frameworks */,
				3DF7AB082E4A9A92007BE050 /* AppMetricaCore in Frameworks */,
			);
			runOnlyForDeploymentPostprocessing = 0;
		};
		3DF7AADC2E4A7751007BE050 /* Frameworks */ = {
			isa = PBXFrameworksBuildPhase;
			buildActionMask = 2147483647;
			files = (
				3DF7AAEF2E4A7807007BE050 /* SnapshotTestingCustomDump in Frameworks */,
				3DF7AAEB2E4A7807007BE050 /* InlineSnapshotTesting in Frameworks */,
				3DF7AAED2E4A7807007BE050 /* SnapshotTesting in Frameworks */,
			);
			runOnlyForDeploymentPostprocessing = 0;
		};
/* End PBXFrameworksBuildPhase section */

/* Begin PBXGroup section */
		3D802D742DFD63AF0097D5C6 = {
			isa = PBXGroup;
			children = (
				3DF7AB0F2E4A9BA6007BE050 /* Analytics.swift */,
				3DE848082E457CC200F9CFB8 /* Localizable.stringsdict */,
				3DE848012E418CBE00F9CFB8 /* Localizable.strings */,
				3DE847E82E31C8E900F9CFB8 /* Onboarding */,
				3DE846172E2A041400F9CFB8 /* Models */,
				3DE846162E2A03A300F9CFB8 /* Statistic */,
				3D802D7F2DFD63AF0097D5C6 /* Tracker */,
				3DF7AAE02E4A7751007BE050 /* TrackerTests */,
				3D802D7E2DFD63AF0097D5C6 /* Products */,
			);
			sourceTree = "<group>";
		};
		3D802D7E2DFD63AF0097D5C6 /* Products */ = {
			isa = PBXGroup;
			children = (
				3D802D7D2DFD63AF0097D5C6 /* Tracker.app */,
				3DF7AADF2E4A7751007BE050 /* TrackerTests.xctest */,
			);
			name = Products;
			sourceTree = "<group>";
		};
/* End PBXGroup section */

/* Begin PBXNativeTarget section */
		3D802D7C2DFD63AF0097D5C6 /* Tracker */ = {
			isa = PBXNativeTarget;
			buildConfigurationList = 3D802D902DFD63B00097D5C6 /* Build configuration list for PBXNativeTarget "Tracker" */;
			buildPhases = (
				3D802D792DFD63AF0097D5C6 /* Sources */,
				3D802D7A2DFD63AF0097D5C6 /* Frameworks */,
				3D802D7B2DFD63AF0097D5C6 /* Resources */,
			);
			buildRules = (
			);
			dependencies = (
			);
			fileSystemSynchronizedGroups = (
				3D802D7F2DFD63AF0097D5C6 /* Tracker */,
				3DE846162E2A03A300F9CFB8 /* Statistic */,
				3DE846172E2A041400F9CFB8 /* Models */,
				3DE847E82E31C8E900F9CFB8 /* Onboarding */,
			);
			name = Tracker;
			packageProductDependencies = (
				3DF7AB052E4A9A92007BE050 /* AppMetricaAdSupport */,
				3DF7AB072E4A9A92007BE050 /* AppMetricaCore */,
				3DF7AB092E4A9A92007BE050 /* AppMetricaCrashes */,
				3DF7AB0B2E4A9A92007BE050 /* AppMetricaLibraryAdapter */,
				3DF7AB0D2E4A9A92007BE050 /* AppMetricaScreenshot */,
			);
			productName = Tracker;
			productReference = 3D802D7D2DFD63AF0097D5C6 /* Tracker.app */;
			productType = "com.apple.product-type.application";
		};
		3DF7AADE2E4A7751007BE050 /* TrackerTests */ = {
			isa = PBXNativeTarget;
			buildConfigurationList = 3DF7AAE52E4A7751007BE050 /* Build configuration list for PBXNativeTarget "TrackerTests" */;
			buildPhases = (
				3DF7AADB2E4A7751007BE050 /* Sources */,
				3DF7AADC2E4A7751007BE050 /* Frameworks */,
				3DF7AADD2E4A7751007BE050 /* Resources */,
			);
			buildRules = (
			);
			dependencies = (
				3DF7AAE42E4A7751007BE050 /* PBXTargetDependency */,
			);
			fileSystemSynchronizedGroups = (
				3DF7AAE02E4A7751007BE050 /* TrackerTests */,
			);
			name = TrackerTests;
			packageProductDependencies = (
				3DF7AAEA2E4A7807007BE050 /* InlineSnapshotTesting */,
				3DF7AAEC2E4A7807007BE050 /* SnapshotTesting */,
				3DF7AAEE2E4A7807007BE050 /* SnapshotTestingCustomDump */,
			);
			productName = TrackerTests;
			productReference = 3DF7AADF2E4A7751007BE050 /* TrackerTests.xctest */;
			productType = "com.apple.product-type.bundle.unit-test";
		};
/* End PBXNativeTarget section */

/* Begin PBXProject section */
		3D802D752DFD63AF0097D5C6 /* Project object */ = {
			isa = PBXProject;
			attributes = {
				BuildIndependentTargetsInParallel = 1;
				KnownAssetTags = (
					Russian,
				);
				LastSwiftUpdateCheck = 1640;
				LastUpgradeCheck = 1640;
				ORGANIZATIONNAME = "";
				TargetAttributes = {
					3D802D7C2DFD63AF0097D5C6 = {
						CreatedOnToolsVersion = 16.4;
					};
					3DF7AADE2E4A7751007BE050 = {
						CreatedOnToolsVersion = 16.4;
						TestTargetID = 3D802D7C2DFD63AF0097D5C6;
					};
				};
			};
			buildConfigurationList = 3D802D782DFD63AF0097D5C6 /* Build configuration list for PBXProject "Tracker" */;
			developmentRegion = ru;
			hasScannedForEncodings = 0;
			knownRegions = (
				en,
				Base,
				ru,
				kk,
			);
			mainGroup = 3D802D742DFD63AF0097D5C6;
			minimizedProjectReferenceProxies = 1;
			packageReferences = (
				3DF7AAE92E4A7807007BE050 /* XCRemoteSwiftPackageReference "swift-snapshot-testing" */,
				3DF7AB042E4A9A92007BE050 /* XCRemoteSwiftPackageReference "appmetrica-sdk-ios" */,
			);
			preferredProjectObjectVersion = 77;
			productRefGroup = 3D802D7E2DFD63AF0097D5C6 /* Products */;
			projectDirPath = "";
			projectRoot = "";
			targets = (
				3D802D7C2DFD63AF0097D5C6 /* Tracker */,
				3DF7AADE2E4A7751007BE050 /* TrackerTests */,
			);
		};
/* End PBXProject section */

/* Begin PBXResourcesBuildPhase section */
		3D802D7B2DFD63AF0097D5C6 /* Resources */ = {
			isa = PBXResourcesBuildPhase;
			buildActionMask = 2147483647;
			files = (
				3DE8480A2E457CC200F9CFB8 /* Localizable.stringsdict in Resources */,
				3DE848022E418CBE00F9CFB8 /* Localizable.strings in Resources */,
			);
			runOnlyForDeploymentPostprocessing = 0;
		};
		3DF7AADD2E4A7751007BE050 /* Resources */ = {
			isa = PBXResourcesBuildPhase;
			buildActionMask = 2147483647;
			files = (
			);
			runOnlyForDeploymentPostprocessing = 0;
		};
/* End PBXResourcesBuildPhase section */

/* Begin PBXSourcesBuildPhase section */
		3D802D792DFD63AF0097D5C6 /* Sources */ = {
			isa = PBXSourcesBuildPhase;
			buildActionMask = 2147483647;
			files = (
				3DF7AB102E4A9BA6007BE050 /* Analytics.swift in Sources */,
			);
			runOnlyForDeploymentPostprocessing = 0;
		};
		3DF7AADB2E4A7751007BE050 /* Sources */ = {
			isa = PBXSourcesBuildPhase;
			buildActionMask = 2147483647;
			files = (
				3DF7AB112E4A9BA6007BE050 /* Analytics.swift in Sources */,
			);
			runOnlyForDeploymentPostprocessing = 0;
		};
/* End PBXSourcesBuildPhase section */

/* Begin PBXTargetDependency section */
		3DF7AAE42E4A7751007BE050 /* PBXTargetDependency */ = {
			isa = PBXTargetDependency;
			target = 3D802D7C2DFD63AF0097D5C6 /* Tracker */;
			targetProxy = 3DF7AAE32E4A7751007BE050 /* PBXContainerItemProxy */;
		};
/* End PBXTargetDependency section */

/* Begin PBXVariantGroup section */
		3DE848012E418CBE00F9CFB8 /* Localizable.strings */ = {
			isa = PBXVariantGroup;
			children = (
				3DE848002E418CBE00F9CFB8 /* en */,
				3DE848042E418E2B00F9CFB8 /* ru */,
				3DE848062E418E3500F9CFB8 /* kk */,
			);
			name = Localizable.strings;
			sourceTree = "<group>";
		};
		3DE848082E457CC200F9CFB8 /* Localizable.stringsdict */ = {
			isa = PBXVariantGroup;
			children = (
				3DE848092E457CC200F9CFB8 /* ru */,
				3DE8480B2E457D5200F9CFB8 /* en */,
				3DE8480C2E457D5800F9CFB8 /* kk */,
			);
			name = Localizable.stringsdict;
			sourceTree = "<group>";
		};
/* End PBXVariantGroup section */

/* Begin XCBuildConfiguration section */
		3D802D912DFD63B00097D5C6 /* Debug */ = {
			isa = XCBuildConfiguration;
			buildSettings = {
				ASSETCATALOG_COMPILER_APPICON_NAME = AppIcon;
				ASSETCATALOG_COMPILER_GLOBAL_ACCENT_COLOR_NAME = AccentColor;
				CODE_SIGN_IDENTITY = "Apple Development";
				CODE_SIGN_STYLE = Automatic;
				CURRENT_PROJECT_VERSION = 1;
				DEVELOPMENT_TEAM = Y7474KKN5J;
				GENERATE_INFOPLIST_FILE = YES;
				INFOPLIST_FILE = Tracker/Info.plist;
				INFOPLIST_KEY_UIApplicationSupportsIndirectInputEvents = YES;
				INFOPLIST_KEY_UILaunchStoryboardName = LaunchScreen;
				INFOPLIST_KEY_UISupportedInterfaceOrientations_iPad = "UIInterfaceOrientationPortrait UIInterfaceOrientationPortraitUpsideDown UIInterfaceOrientationLandscapeLeft UIInterfaceOrientationLandscapeRight";
				INFOPLIST_KEY_UISupportedInterfaceOrientations_iPhone = "UIInterfaceOrientationPortrait UIInterfaceOrientationLandscapeLeft UIInterfaceOrientationLandscapeRight";
				IPHONEOS_DEPLOYMENT_TARGET = 17.0;
				LD_RUNPATH_SEARCH_PATHS = (
					"$(inherited)",
					"@executable_path/Frameworks",
				);
				MARKETING_VERSION = 1.0;
				PRODUCT_BUNDLE_IDENTIFIER = com.symbat.Tracker;
				PRODUCT_NAME = "$(TARGET_NAME)";
				PROVISIONING_PROFILE_SPECIFIER = "";
				SWIFT_EMIT_LOC_STRINGS = YES;
				SWIFT_VERSION = 5.0;
				TARGETED_DEVICE_FAMILY = "1,2";
			};
			name = Debug;
		};
		3D802D922DFD63B00097D5C6 /* Release */ = {
			isa = XCBuildConfiguration;
			buildSettings = {
				ASSETCATALOG_COMPILER_APPICON_NAME = AppIcon;
				ASSETCATALOG_COMPILER_GLOBAL_ACCENT_COLOR_NAME = AccentColor;
				CODE_SIGN_IDENTITY = "Apple Development";
				CODE_SIGN_STYLE = Automatic;
				CURRENT_PROJECT_VERSION = 1;
				DEVELOPMENT_TEAM = Y7474KKN5J;
				GENERATE_INFOPLIST_FILE = YES;
				INFOPLIST_FILE = Tracker/Info.plist;
				INFOPLIST_KEY_UIApplicationSupportsIndirectInputEvents = YES;
				INFOPLIST_KEY_UILaunchStoryboardName = LaunchScreen;
				INFOPLIST_KEY_UISupportedInterfaceOrientations_iPad = "UIInterfaceOrientationPortrait UIInterfaceOrientationPortraitUpsideDown UIInterfaceOrientationLandscapeLeft UIInterfaceOrientationLandscapeRight";
				INFOPLIST_KEY_UISupportedInterfaceOrientations_iPhone = "UIInterfaceOrientationPortrait UIInterfaceOrientationLandscapeLeft UIInterfaceOrientationLandscapeRight";
				IPHONEOS_DEPLOYMENT_TARGET = 17.0;
				LD_RUNPATH_SEARCH_PATHS = (
					"$(inherited)",
					"@executable_path/Frameworks",
				);
				MARKETING_VERSION = 1.0;
				PRODUCT_BUNDLE_IDENTIFIER = com.symbat.Tracker;
				PRODUCT_NAME = "$(TARGET_NAME)";
				PROVISIONING_PROFILE_SPECIFIER = "";
				SWIFT_EMIT_LOC_STRINGS = YES;
				SWIFT_VERSION = 5.0;
				TARGETED_DEVICE_FAMILY = "1,2";
			};
			name = Release;
		};
		3D802D932DFD63B00097D5C6 /* Debug */ = {
			isa = XCBuildConfiguration;
			buildSettings = {
				ALWAYS_SEARCH_USER_PATHS = NO;
				ASSETCATALOG_COMPILER_GENERATE_SWIFT_ASSET_SYMBOL_EXTENSIONS = YES;
				CLANG_ANALYZER_LOCALIZABILITY_NONLOCALIZED = YES;
				CLANG_ANALYZER_NONNULL = YES;
				CLANG_ANALYZER_NUMBER_OBJECT_CONVERSION = YES_AGGRESSIVE;
				CLANG_CXX_LANGUAGE_STANDARD = "gnu++20";
				CLANG_ENABLE_MODULES = YES;
				CLANG_ENABLE_OBJC_ARC = YES;
				CLANG_ENABLE_OBJC_WEAK = YES;
				CLANG_WARN_BLOCK_CAPTURE_AUTORELEASING = YES;
				CLANG_WARN_BOOL_CONVERSION = YES;
				CLANG_WARN_COMMA = YES;
				CLANG_WARN_CONSTANT_CONVERSION = YES;
				CLANG_WARN_DEPRECATED_OBJC_IMPLEMENTATIONS = YES;
				CLANG_WARN_DIRECT_OBJC_ISA_USAGE = YES_ERROR;
				CLANG_WARN_DOCUMENTATION_COMMENTS = YES;
				CLANG_WARN_EMPTY_BODY = YES;
				CLANG_WARN_ENUM_CONVERSION = YES;
				CLANG_WARN_INFINITE_RECURSION = YES;
				CLANG_WARN_INT_CONVERSION = YES;
				CLANG_WARN_NON_LITERAL_NULL_CONVERSION = YES;
				CLANG_WARN_OBJC_IMPLICIT_RETAIN_SELF = YES;
				CLANG_WARN_OBJC_LITERAL_CONVERSION = YES;
				CLANG_WARN_OBJC_ROOT_CLASS = YES_ERROR;
				CLANG_WARN_QUOTED_INCLUDE_IN_FRAMEWORK_HEADER = YES;
				CLANG_WARN_RANGE_LOOP_ANALYSIS = YES;
				CLANG_WARN_STRICT_PROTOTYPES = YES;
				CLANG_WARN_SUSPICIOUS_MOVE = YES;
				CLANG_WARN_UNGUARDED_AVAILABILITY = YES_AGGRESSIVE;
				CLANG_WARN_UNREACHABLE_CODE = YES;
				CLANG_WARN__DUPLICATE_METHOD_MATCH = YES;
				COPY_PHASE_STRIP = NO;
				DEBUG_INFORMATION_FORMAT = dwarf;
				ENABLE_STRICT_OBJC_MSGSEND = YES;
				ENABLE_TESTABILITY = YES;
				ENABLE_USER_SCRIPT_SANDBOXING = YES;
				GCC_C_LANGUAGE_STANDARD = gnu17;
				GCC_DYNAMIC_NO_PIC = NO;
				GCC_NO_COMMON_BLOCKS = YES;
				GCC_OPTIMIZATION_LEVEL = 0;
				GCC_PREPROCESSOR_DEFINITIONS = (
					"DEBUG=1",
					"$(inherited)",
				);
				GCC_WARN_64_TO_32_BIT_CONVERSION = YES;
				GCC_WARN_ABOUT_RETURN_TYPE = YES_ERROR;
				GCC_WARN_UNDECLARED_SELECTOR = YES;
				GCC_WARN_UNINITIALIZED_AUTOS = YES_AGGRESSIVE;
				GCC_WARN_UNUSED_FUNCTION = YES;
				GCC_WARN_UNUSED_VARIABLE = YES;
				IPHONEOS_DEPLOYMENT_TARGET = 18.5;
				LOCALIZATION_PREFERS_STRING_CATALOGS = YES;
				MTL_ENABLE_DEBUG_INFO = INCLUDE_SOURCE;
				MTL_FAST_MATH = YES;
				ONLY_ACTIVE_ARCH = YES;
				SDKROOT = iphoneos;
				SWIFT_ACTIVE_COMPILATION_CONDITIONS = "DEBUG $(inherited)";
				SWIFT_OPTIMIZATION_LEVEL = "-Onone";
			};
			name = Debug;
		};
		3D802D942DFD63B00097D5C6 /* Release */ = {
			isa = XCBuildConfiguration;
			buildSettings = {
				ALWAYS_SEARCH_USER_PATHS = NO;
				ASSETCATALOG_COMPILER_GENERATE_SWIFT_ASSET_SYMBOL_EXTENSIONS = YES;
				CLANG_ANALYZER_LOCALIZABILITY_NONLOCALIZED = YES;
				CLANG_ANALYZER_NONNULL = YES;
				CLANG_ANALYZER_NUMBER_OBJECT_CONVERSION = YES_AGGRESSIVE;
				CLANG_CXX_LANGUAGE_STANDARD = "gnu++20";
				CLANG_ENABLE_MODULES = YES;
				CLANG_ENABLE_OBJC_ARC = YES;
				CLANG_ENABLE_OBJC_WEAK = YES;
				CLANG_WARN_BLOCK_CAPTURE_AUTORELEASING = YES;
				CLANG_WARN_BOOL_CONVERSION = YES;
				CLANG_WARN_COMMA = YES;
				CLANG_WARN_CONSTANT_CONVERSION = YES;
				CLANG_WARN_DEPRECATED_OBJC_IMPLEMENTATIONS = YES;
				CLANG_WARN_DIRECT_OBJC_ISA_USAGE = YES_ERROR;
				CLANG_WARN_DOCUMENTATION_COMMENTS = YES;
				CLANG_WARN_EMPTY_BODY = YES;
				CLANG_WARN_ENUM_CONVERSION = YES;
				CLANG_WARN_INFINITE_RECURSION = YES;
				CLANG_WARN_INT_CONVERSION = YES;
				CLANG_WARN_NON_LITERAL_NULL_CONVERSION = YES;
				CLANG_WARN_OBJC_IMPLICIT_RETAIN_SELF = YES;
				CLANG_WARN_OBJC_LITERAL_CONVERSION = YES;
				CLANG_WARN_OBJC_ROOT_CLASS = YES_ERROR;
				CLANG_WARN_QUOTED_INCLUDE_IN_FRAMEWORK_HEADER = YES;
				CLANG_WARN_RANGE_LOOP_ANALYSIS = YES;
				CLANG_WARN_STRICT_PROTOTYPES = YES;
				CLANG_WARN_SUSPICIOUS_MOVE = YES;
				CLANG_WARN_UNGUARDED_AVAILABILITY = YES_AGGRESSIVE;
				CLANG_WARN_UNREACHABLE_CODE = YES;
				CLANG_WARN__DUPLICATE_METHOD_MATCH = YES;
				COPY_PHASE_STRIP = NO;
				DEBUG_INFORMATION_FORMAT = "dwarf-with-dsym";
				ENABLE_NS_ASSERTIONS = NO;
				ENABLE_STRICT_OBJC_MSGSEND = YES;
				ENABLE_USER_SCRIPT_SANDBOXING = YES;
				GCC_C_LANGUAGE_STANDARD = gnu17;
				GCC_NO_COMMON_BLOCKS = YES;
				GCC_WARN_64_TO_32_BIT_CONVERSION = YES;
				GCC_WARN_ABOUT_RETURN_TYPE = YES_ERROR;
				GCC_WARN_UNDECLARED_SELECTOR = YES;
				GCC_WARN_UNINITIALIZED_AUTOS = YES_AGGRESSIVE;
				GCC_WARN_UNUSED_FUNCTION = YES;
				GCC_WARN_UNUSED_VARIABLE = YES;
				IPHONEOS_DEPLOYMENT_TARGET = 18.5;
				LOCALIZATION_PREFERS_STRING_CATALOGS = YES;
				MTL_ENABLE_DEBUG_INFO = NO;
				MTL_FAST_MATH = YES;
				SDKROOT = iphoneos;
				SWIFT_COMPILATION_MODE = wholemodule;
				VALIDATE_PRODUCT = YES;
			};
			name = Release;
		};
		3DF7AAE62E4A7751007BE050 /* Debug */ = {
			isa = XCBuildConfiguration;
			buildSettings = {
				BUNDLE_LOADER = "$(TEST_HOST)";
				CODE_SIGN_STYLE = Automatic;
				CURRENT_PROJECT_VERSION = 1;
				GENERATE_INFOPLIST_FILE = YES;
				MARKETING_VERSION = 1.0;
				PRODUCT_BUNDLE_IDENTIFIER = symbats.TrackerTests;
				PRODUCT_NAME = "$(TARGET_NAME)";
				SWIFT_EMIT_LOC_STRINGS = NO;
				SWIFT_VERSION = 5.0;
				TARGETED_DEVICE_FAMILY = "1,2";
				TEST_HOST = "$(BUILT_PRODUCTS_DIR)/Tracker.app/$(BUNDLE_EXECUTABLE_FOLDER_PATH)/Tracker";
			};
			name = Debug;
		};
		3DF7AAE72E4A7751007BE050 /* Release */ = {
			isa = XCBuildConfiguration;
			buildSettings = {
				BUNDLE_LOADER = "$(TEST_HOST)";
				CODE_SIGN_STYLE = Automatic;
				CURRENT_PROJECT_VERSION = 1;
				GENERATE_INFOPLIST_FILE = YES;
				MARKETING_VERSION = 1.0;
				PRODUCT_BUNDLE_IDENTIFIER = symbats.TrackerTests;
				PRODUCT_NAME = "$(TARGET_NAME)";
				SWIFT_EMIT_LOC_STRINGS = NO;
				SWIFT_VERSION = 5.0;
				TARGETED_DEVICE_FAMILY = "1,2";
				TEST_HOST = "$(BUILT_PRODUCTS_DIR)/Tracker.app/$(BUNDLE_EXECUTABLE_FOLDER_PATH)/Tracker";
			};
			name = Release;
		};
/* End XCBuildConfiguration section */

/* Begin XCConfigurationList section */
		3D802D782DFD63AF0097D5C6 /* Build configuration list for PBXProject "Tracker" */ = {
			isa = XCConfigurationList;
			buildConfigurations = (
				3D802D932DFD63B00097D5C6 /* Debug */,
				3D802D942DFD63B00097D5C6 /* Release */,
			);
			defaultConfigurationIsVisible = 0;
			defaultConfigurationName = Release;
		};
		3D802D902DFD63B00097D5C6 /* Build configuration list for PBXNativeTarget "Tracker" */ = {
			isa = XCConfigurationList;
			buildConfigurations = (
				3D802D912DFD63B00097D5C6 /* Debug */,
				3D802D922DFD63B00097D5C6 /* Release */,
			);
			defaultConfigurationIsVisible = 0;
			defaultConfigurationName = Release;
		};
		3DF7AAE52E4A7751007BE050 /* Build configuration list for PBXNativeTarget "TrackerTests" */ = {
			isa = XCConfigurationList;
			buildConfigurations = (
				3DF7AAE62E4A7751007BE050 /* Debug */,
				3DF7AAE72E4A7751007BE050 /* Release */,
			);
			defaultConfigurationIsVisible = 0;
			defaultConfigurationName = Release;
		};
/* End XCConfigurationList section */

/* Begin XCRemoteSwiftPackageReference section */
		3DF7AAE92E4A7807007BE050 /* XCRemoteSwiftPackageReference "swift-snapshot-testing" */ = {
			isa = XCRemoteSwiftPackageReference;
			repositoryURL = "https://github.com/pointfreeco/swift-snapshot-testing";
			requirement = {
				kind = upToNextMajorVersion;
				minimumVersion = 1.18.6;
			};
		};
		3DF7AB042E4A9A92007BE050 /* XCRemoteSwiftPackageReference "appmetrica-sdk-ios" */ = {
			isa = XCRemoteSwiftPackageReference;
			repositoryURL = "https://github.com/appmetrica/appmetrica-sdk-ios";
			requirement = {
				kind = upToNextMajorVersion;
				minimumVersion = 5.11.2;
			};
		};
/* End XCRemoteSwiftPackageReference section */

/* Begin XCSwiftPackageProductDependency section */
		3DF7AAEA2E4A7807007BE050 /* InlineSnapshotTesting */ = {
			isa = XCSwiftPackageProductDependency;
			package = 3DF7AAE92E4A7807007BE050 /* XCRemoteSwiftPackageReference "swift-snapshot-testing" */;
			productName = InlineSnapshotTesting;
		};
		3DF7AAEC2E4A7807007BE050 /* SnapshotTesting */ = {
			isa = XCSwiftPackageProductDependency;
			package = 3DF7AAE92E4A7807007BE050 /* XCRemoteSwiftPackageReference "swift-snapshot-testing" */;
			productName = SnapshotTesting;
		};
		3DF7AAEE2E4A7807007BE050 /* SnapshotTestingCustomDump */ = {
			isa = XCSwiftPackageProductDependency;
			package = 3DF7AAE92E4A7807007BE050 /* XCRemoteSwiftPackageReference "swift-snapshot-testing" */;
			productName = SnapshotTestingCustomDump;
		};
		3DF7AB052E4A9A92007BE050 /* AppMetricaAdSupport */ = {
			isa = XCSwiftPackageProductDependency;
			package = 3DF7AB042E4A9A92007BE050 /* XCRemoteSwiftPackageReference "appmetrica-sdk-ios" */;
			productName = AppMetricaAdSupport;
		};
		3DF7AB072E4A9A92007BE050 /* AppMetricaCore */ = {
			isa = XCSwiftPackageProductDependency;
			package = 3DF7AB042E4A9A92007BE050 /* XCRemoteSwiftPackageReference "appmetrica-sdk-ios" */;
			productName = AppMetricaCore;
		};
		3DF7AB092E4A9A92007BE050 /* AppMetricaCrashes */ = {
			isa = XCSwiftPackageProductDependency;
			package = 3DF7AB042E4A9A92007BE050 /* XCRemoteSwiftPackageReference "appmetrica-sdk-ios" */;
			productName = AppMetricaCrashes;
		};
		3DF7AB0B2E4A9A92007BE050 /* AppMetricaLibraryAdapter */ = {
			isa = XCSwiftPackageProductDependency;
			package = 3DF7AB042E4A9A92007BE050 /* XCRemoteSwiftPackageReference "appmetrica-sdk-ios" */;
			productName = AppMetricaLibraryAdapter;
		};
		3DF7AB0D2E4A9A92007BE050 /* AppMetricaScreenshot */ = {
			isa = XCSwiftPackageProductDependency;
			package = 3DF7AB042E4A9A92007BE050 /* XCRemoteSwiftPackageReference "appmetrica-sdk-ios" */;
			productName = AppMetricaScreenshot;
		};
/* End XCSwiftPackageProductDependency section */
	};
	rootObject = 3D802D752DFD63AF0097D5C6 /* Project object */;
}
